
Microsoft Visual Studio Solution File, Format Version 12.00
# Visual Studio Version 17
VisualStudioVersion = 17.4.33103.184
MinimumVisualStudioVersion = 10.0.40219.1
Project("{2150E333-8FDC-42A3-9474-1A3956D46DE8}") = "_Libraries", "_Libraries", "{FC5CFAD3-6B10-462E-BEC2-5BA15D6BFADA}"
EndProject
Project("{9A19103F-16F7-4668-BE54-9A1E7A4F7556}") = "PlatformX.FileStore", "PlatformX.FileStore\PlatformX.FileStore.csproj", "{0D3EBC7E-3945-4FB9-B0FF-C4D3938F93C1}"
EndProject
Project("{9A19103F-16F7-4668-BE54-9A1E7A4F7556}") = "PlatformX.FileStore.Shared", "PlatformX.FileStore.Shared\PlatformX.FileStore.Shared.csproj", "{2AB14122-C361-4B80-B8BC-9C7CA4B2B450}"
EndProject
Project("{9A19103F-16F7-4668-BE54-9A1E7A4F7556}") = "PlatformX.StorageProvider.Shared", "PlatformX.StorageProvider.Shared\PlatformX.StorageProvider.Shared.csproj", "{A3B497E0-8C2B-499C-8FB1-52D16005AAF7}"
EndProject
Project("{9A19103F-16F7-4668-BE54-9A1E7A4F7556}") = "PlatformX.StorageProvider.S3", "ProviderX.StorageProvider.S3\PlatformX.StorageProvider.S3.csproj", "{017C133D-D52A-42E6-A264-13379670ADEB}"
EndProject
Project("{2150E333-8FDC-42A3-9474-1A3956D46DE8}") = "FileStore", "FileStore", "{EB6D253B-B2A2-4E54-AA7E-BCF702E89AE0}"
EndProject
Project("{2150E333-8FDC-42A3-9474-1A3956D46DE8}") = "StorageProvider", "StorageProvider", "{76A0BCDD-AFFC-4877-BA36-80A0B58B8718}"
EndProject
Project("{9A19103F-16F7-4668-BE54-9A1E7A4F7556}") = "PlatformX.Filestore.Tests", "PlatformX.Filestore.Tests\PlatformX.Filestore.Tests.csproj", "{C3D3B29B-1609-47E7-8CED-414AC0BCA00F}"
EndProject
Project("{9A19103F-16F7-4668-BE54-9A1E7A4F7556}") = "PlatformX.StorageProvider.Tests", "PlatformX.StorageProvider.Tests\PlatformX.StorageProvider.Tests.csproj", "{1445AD51-2476-4CA0-B527-8BD6ADED1B2E}"
EndProject
Project("{2150E333-8FDC-42A3-9474-1A3956D46DE8}") = "AWS", "AWS", "{76A2ED4B-2530-4C26-914D-0657A0A69FFD}"
EndProject
Project("{9A19103F-16F7-4668-BE54-9A1E7A4F7556}") = "AWSServiceWrapper.Shared", "AWSServiceWrapper.Shared\AWSServiceWrapper.Shared.csproj", "{0DFE0579-27CE-4834-A2C8-2E452D4E8ED0}"
EndProject
Project("{9A19103F-16F7-4668-BE54-9A1E7A4F7556}") = "AWSServiceWrapper.Sqs", "AWSServiceWrapper.Sqs\AWSServiceWrapper.Sqs.csproj", "{1F2B369A-AA37-44BD-B207-B165194455F3}"
EndProject
Project("{9A19103F-16F7-4668-BE54-9A1E7A4F7556}") = "AWSServiceWrapper.EventBridge", "AWSServiceWrapper.EventBridge\AWSServiceWrapper.EventBridge.csproj", "{FC3F439D-5E9A-4ACF-9FA3-D777237A31D7}"
EndProject
Project("{FAE04EC0-301F-11D3-BF4B-00C04F79EFBC}") = "PlatformX.StorageProvider.GoogleCloud", "PlatformX.StorageProvider.GoogleCloud\PlatformX.StorageProvider.GoogleCloud.csproj", "{F17D15C7-CA6D-4AFB-B819-FA9D3DA7172D}"
EndProject
Project("{FAE04EC0-301F-11D3-BF4B-00C04F79EFBC}") = "GCWrapper.PubSub", "GCWrapper.PubSub\GCWrapper.PubSub.csproj", "{50656785-58F0-4121-BE1E-D9DDE3AD0BE1}"
EndProject
Project("{FAE04EC0-301F-11D3-BF4B-00C04F79EFBC}") = "GCWrapper.Shared", "GCWrapper.Shared\GCWrapper.Shared.csproj", "{380FE2C2-1DDB-4D2C-90D0-F0436293AFB4}"
EndProject
Global
	GlobalSection(SolutionConfigurationPlatforms) = preSolution
		Debug|Any CPU = Debug|Any CPU
		Release|Any CPU = Release|Any CPU
	EndGlobalSection
	GlobalSection(ProjectConfigurationPlatforms) = postSolution
		{0D3EBC7E-3945-4FB9-B0FF-C4D3938F93C1}.Debug|Any CPU.ActiveCfg = Debug|Any CPU
		{0D3EBC7E-3945-4FB9-B0FF-C4D3938F93C1}.Debug|Any CPU.Build.0 = Debug|Any CPU
		{0D3EBC7E-3945-4FB9-B0FF-C4D3938F93C1}.Release|Any CPU.ActiveCfg = Release|Any CPU
		{0D3EBC7E-3945-4FB9-B0FF-C4D3938F93C1}.Release|Any CPU.Build.0 = Release|Any CPU
		{2AB14122-C361-4B80-B8BC-9C7CA4B2B450}.Debug|Any CPU.ActiveCfg = Debug|Any CPU
		{2AB14122-C361-4B80-B8BC-9C7CA4B2B450}.Debug|Any CPU.Build.0 = Debug|Any CPU
		{2AB14122-C361-4B80-B8BC-9C7CA4B2B450}.Release|Any CPU.ActiveCfg = Release|Any CPU
		{2AB14122-C361-4B80-B8BC-9C7CA4B2B450}.Release|Any CPU.Build.0 = Release|Any CPU
		{A3B497E0-8C2B-499C-8FB1-52D16005AAF7}.Debug|Any CPU.ActiveCfg = Debug|Any CPU
		{A3B497E0-8C2B-499C-8FB1-52D16005AAF7}.Debug|Any CPU.Build.0 = Debug|Any CPU
		{A3B497E0-8C2B-499C-8FB1-52D16005AAF7}.Release|Any CPU.ActiveCfg = Release|Any CPU
		{A3B497E0-8C2B-499C-8FB1-52D16005AAF7}.Release|Any CPU.Build.0 = Release|Any CPU
		{017C133D-D52A-42E6-A264-13379670ADEB}.Debug|Any CPU.ActiveCfg = Debug|Any CPU
		{017C133D-D52A-42E6-A264-13379670ADEB}.Debug|Any CPU.Build.0 = Debug|Any CPU
		{017C133D-D52A-42E6-A264-13379670ADEB}.Release|Any CPU.ActiveCfg = Release|Any CPU
		{017C133D-D52A-42E6-A264-13379670ADEB}.Release|Any CPU.Build.0 = Release|Any CPU
		{C3D3B29B-1609-47E7-8CED-414AC0BCA00F}.Debug|Any CPU.ActiveCfg = Debug|Any CPU
		{C3D3B29B-1609-47E7-8CED-414AC0BCA00F}.Debug|Any CPU.Build.0 = Debug|Any CPU
		{C3D3B29B-1609-47E7-8CED-414AC0BCA00F}.Release|Any CPU.ActiveCfg = Release|Any CPU
		{C3D3B29B-1609-47E7-8CED-414AC0BCA00F}.Release|Any CPU.Build.0 = Release|Any CPU
		{1445AD51-2476-4CA0-B527-8BD6ADED1B2E}.Debug|Any CPU.ActiveCfg = Debug|Any CPU
		{1445AD51-2476-4CA0-B527-8BD6ADED1B2E}.Debug|Any CPU.Build.0 = Debug|Any CPU
		{1445AD51-2476-4CA0-B527-8BD6ADED1B2E}.Release|Any CPU.ActiveCfg = Release|Any CPU
		{1445AD51-2476-4CA0-B527-8BD6ADED1B2E}.Release|Any CPU.Build.0 = Release|Any CPU
		{0DFE0579-27CE-4834-A2C8-2E452D4E8ED0}.Debug|Any CPU.ActiveCfg = Debug|Any CPU
		{0DFE0579-27CE-4834-A2C8-2E452D4E8ED0}.Debug|Any CPU.Build.0 = Debug|Any CPU
		{0DFE0579-27CE-4834-A2C8-2E452D4E8ED0}.Release|Any CPU.ActiveCfg = Release|Any CPU
		{0DFE0579-27CE-4834-A2C8-2E452D4E8ED0}.Release|Any CPU.Build.0 = Release|Any CPU
		{1F2B369A-AA37-44BD-B207-B165194455F3}.Debug|Any CPU.ActiveCfg = Debug|Any CPU
		{1F2B369A-AA37-44BD-B207-B165194455F3}.Debug|Any CPU.Build.0 = Debug|Any CPU
		{1F2B369A-AA37-44BD-B207-B165194455F3}.Release|Any CPU.ActiveCfg = Release|Any CPU
		{1F2B369A-AA37-44BD-B207-B165194455F3}.Release|Any CPU.Build.0 = Release|Any CPU
		{FC3F439D-5E9A-4ACF-9FA3-D777237A31D7}.Debug|Any CPU.ActiveCfg = Debug|Any CPU
		{FC3F439D-5E9A-4ACF-9FA3-D777237A31D7}.Debug|Any CPU.Build.0 = Debug|Any CPU
		{FC3F439D-5E9A-4ACF-9FA3-D777237A31D7}.Release|Any CPU.ActiveCfg = Release|Any CPU
		{FC3F439D-5E9A-4ACF-9FA3-D777237A31D7}.Release|Any CPU.Build.0 = Release|Any CPU
		{F17D15C7-CA6D-4AFB-B819-FA9D3DA7172D}.Debug|Any CPU.ActiveCfg = Debug|Any CPU
		{F17D15C7-CA6D-4AFB-B819-FA9D3DA7172D}.Debug|Any CPU.Build.0 = Debug|Any CPU
		{F17D15C7-CA6D-4AFB-B819-FA9D3DA7172D}.Release|Any CPU.ActiveCfg = Release|Any CPU
		{F17D15C7-CA6D-4AFB-B819-FA9D3DA7172D}.Release|Any CPU.Build.0 = Release|Any CPU
		{50656785-58F0-4121-BE1E-D9DDE3AD0BE1}.Debug|Any CPU.ActiveCfg = Debug|Any CPU
		{50656785-58F0-4121-BE1E-D9DDE3AD0BE1}.Debug|Any CPU.Build.0 = Debug|Any CPU
		{50656785-58F0-4121-BE1E-D9DDE3AD0BE1}.Release|Any CPU.ActiveCfg = Release|Any CPU
		{50656785-58F0-4121-BE1E-D9DDE3AD0BE1}.Release|Any CPU.Build.0 = Release|Any CPU
		{380FE2C2-1DDB-4D2C-90D0-F0436293AFB4}.Debug|Any CPU.ActiveCfg = Debug|Any CPU
		{380FE2C2-1DDB-4D2C-90D0-F0436293AFB4}.Debug|Any CPU.Build.0 = Debug|Any CPU
		{380FE2C2-1DDB-4D2C-90D0-F0436293AFB4}.Release|Any CPU.ActiveCfg = Release|Any CPU
		{380FE2C2-1DDB-4D2C-90D0-F0436293AFB4}.Release|Any CPU.Build.0 = Release|Any CPU
	EndGlobalSection
	GlobalSection(SolutionProperties) = preSolution
		HideSolutionNode = FALSE
	EndGlobalSection
	GlobalSection(NestedProjects) = preSolution
		{0D3EBC7E-3945-4FB9-B0FF-C4D3938F93C1} = {EB6D253B-B2A2-4E54-AA7E-BCF702E89AE0}
		{2AB14122-C361-4B80-B8BC-9C7CA4B2B450} = {EB6D253B-B2A2-4E54-AA7E-BCF702E89AE0}
		{A3B497E0-8C2B-499C-8FB1-52D16005AAF7} = {76A0BCDD-AFFC-4877-BA36-80A0B58B8718}
		{017C133D-D52A-42E6-A264-13379670ADEB} = {76A0BCDD-AFFC-4877-BA36-80A0B58B8718}
		{EB6D253B-B2A2-4E54-AA7E-BCF702E89AE0} = {FC5CFAD3-6B10-462E-BEC2-5BA15D6BFADA}
		{76A0BCDD-AFFC-4877-BA36-80A0B58B8718} = {FC5CFAD3-6B10-462E-BEC2-5BA15D6BFADA}
		{C3D3B29B-1609-47E7-8CED-414AC0BCA00F} = {EB6D253B-B2A2-4E54-AA7E-BCF702E89AE0}
		{1445AD51-2476-4CA0-B527-8BD6ADED1B2E} = {76A0BCDD-AFFC-4877-BA36-80A0B58B8718}
		{76A2ED4B-2530-4C26-914D-0657A0A69FFD} = {FC5CFAD3-6B10-462E-BEC2-5BA15D6BFADA}
		{0DFE0579-27CE-4834-A2C8-2E452D4E8ED0} = {76A2ED4B-2530-4C26-914D-0657A0A69FFD}
		{1F2B369A-AA37-44BD-B207-B165194455F3} = {76A2ED4B-2530-4C26-914D-0657A0A69FFD}
		{FC3F439D-5E9A-4ACF-9FA3-D777237A31D7} = {76A2ED4B-2530-4C26-914D-0657A0A69FFD}
		{F17D15C7-CA6D-4AFB-B819-FA9D3DA7172D} = {76A0BCDD-AFFC-4877-BA36-80A0B58B8718}
		{50656785-58F0-4121-BE1E-D9DDE3AD0BE1} = {76A2ED4B-2530-4C26-914D-0657A0A69FFD}
		{380FE2C2-1DDB-4D2C-90D0-F0436293AFB4} = {76A2ED4B-2530-4C26-914D-0657A0A69FFD}
	EndGlobalSection
	GlobalSection(ExtensibilityGlobals) = postSolution
		SolutionGuid = {CDE54CCD-8792-430C-9188-AE656C5B8762}
	EndGlobalSection
EndGlobal
